Microsoft Visual Studio Solution File, Format Version 11.00
# Visual Studio 2010
Project("{8BC9CEB8-8B4A-11D0-8D11-00A0C91BC942}") = "ALL_BUILD", "ALL_BUILD.vcxproj", "{CEB1141D-C6E7-4CEB-BC81-070C803D77A8}"
	ProjectSection(ProjectDependencies) = postProject
		{A9F31607-4EC6-42C9-B400-1BDFCA321ADF} = {A9F31607-4EC6-42C9-B400-1BDFCA321ADF}
		{ACD4B0C9-80A5-4F24-BB7F-A7CABC447136} = {ACD4B0C9-80A5-4F24-BB7F-A7CABC447136}
		{394EB9BF-7EC9-481C-865E-2A282D838ED2} = {394EB9BF-7EC9-481C-865E-2A282D838ED2}
		{4E760E22-C93F-4BC4-8EE2-FC87CCD1050F} = {4E760E22-C93F-4BC4-8EE2-FC87CCD1050F}
		{1546901D-252D-47F8-8BB5-926AE7BB7BB3} = {1546901D-252D-47F8-8BB5-926AE7BB7BB3}
		{7BA81800-893E-4948-98E3-E85EF99AB1AE} = {7BA81800-893E-4948-98E3-E85EF99AB1AE}
		{A81D1863-CD2B-44D9-8591-512F1BECF555} = {A81D1863-CD2B-44D9-8591-512F1BECF555}
		{CCDF184C-3DEC-4DA8-AE6E-44347428D637} = {CCDF184C-3DEC-4DA8-AE6E-44347428D637}
		{25259D3D-E0F6-409A-8116-06350B394052} = {25259D3D-E0F6-409A-8116-06350B394052}
		{5DB2271D-BD27-4AA3-8992-2E8FF1031245} = {5DB2271D-BD27-4AA3-8992-2E8FF1031245}
		{980D75F2-F9F3-481C-9752-5023E7268692} = {980D75F2-F9F3-481C-9752-5023E7268692}
		{B90D0A5A-4E88-4A6B-AE56-80B3B60E7776} = {B90D0A5A-4E88-4A6B-AE56-80B3B60E7776}
		{CFB21E4A-E5A2-4550-B6E7-64029EA7E3BB} = {CFB21E4A-E5A2-4550-B6E7-64029EA7E3BB}
		{26C2D219-E299-4D00-BF3C-48B3F620B832} = {26C2D219-E299-4D00-BF3C-48B3F620B832}
		{99DDFD0A-F973-4A65-A3C4-D40468C2ABC5} = {99DDFD0A-F973-4A65-A3C4-D40468C2ABC5}
		{DA7B17F4-4AF3-437D-8423-67D5B6DEC785} = {DA7B17F4-4AF3-437D-8423-67D5B6DEC785}
		{BF5DB7F2-20D1-48FD-8C11-9C082C8C9728} = {BF5DB7F2-20D1-48FD-8C11-9C082C8C9728}
		{AE07F25A-57EB-4154-8D27-90030A1172F0} = {AE07F25A-57EB-4154-8D27-90030A1172F0}
	EndProjectSection
EndProject
Project("{8BC9CEB8-8B4A-11D0-8D11-00A0C91BC942}") = "ActiveXCore", "ActiveXCore\ActiveXCore.vcxproj", "{A9F31607-4EC6-42C9-B400-1BDFCA321ADF}"
	ProjectSection(ProjectDependencies) = postProject
		{CCDF184C-3DEC-4DA8-AE6E-44347428D637} = {CCDF184C-3DEC-4DA8-AE6E-44347428D637}
		{25259D3D-E0F6-409A-8116-06350B394052} = {25259D3D-E0F6-409A-8116-06350B394052}
		{CFB21E4A-E5A2-4550-B6E7-64029EA7E3BB} = {CFB21E4A-E5A2-4550-B6E7-64029EA7E3BB}
		{DA7B17F4-4AF3-437D-8423-67D5B6DEC785} = {DA7B17F4-4AF3-437D-8423-67D5B6DEC785}
		{BF5DB7F2-20D1-48FD-8C11-9C082C8C9728} = {BF5DB7F2-20D1-48FD-8C11-9C082C8C9728}
	EndProjectSection
EndProject
Project("{8BC9CEB8-8B4A-11D0-8D11-00A0C91BC942}") = "BasicMediaPlayer", "projects\BasicMediaPlayer\BasicMediaPlayer.vcxproj", "{ACD4B0C9-80A5-4F24-BB7F-A7CABC447136}"
	ProjectSection(ProjectDependencies) = postProject
		{A9F31607-4EC6-42C9-B400-1BDFCA321ADF} = {A9F31607-4EC6-42C9-B400-1BDFCA321ADF}
		{394EB9BF-7EC9-481C-865E-2A282D838ED2} = {394EB9BF-7EC9-481C-865E-2A282D838ED2}
		{A81D1863-CD2B-44D9-8591-512F1BECF555} = {A81D1863-CD2B-44D9-8591-512F1BECF555}
		{CCDF184C-3DEC-4DA8-AE6E-44347428D637} = {CCDF184C-3DEC-4DA8-AE6E-44347428D637}
		{25259D3D-E0F6-409A-8116-06350B394052} = {25259D3D-E0F6-409A-8116-06350B394052}
		{CFB21E4A-E5A2-4550-B6E7-64029EA7E3BB} = {CFB21E4A-E5A2-4550-B6E7-64029EA7E3BB}
		{DA7B17F4-4AF3-437D-8423-67D5B6DEC785} = {DA7B17F4-4AF3-437D-8423-67D5B6DEC785}
		{BF5DB7F2-20D1-48FD-8C11-9C082C8C9728} = {BF5DB7F2-20D1-48FD-8C11-9C082C8C9728}
		{AE07F25A-57EB-4154-8D27-90030A1172F0} = {AE07F25A-57EB-4154-8D27-90030A1172F0}
	EndProjectSection
EndProject
Project("{8BC9CEB8-8B4A-11D0-8D11-00A0C91BC942}") = "BasicMediaPlayer_PluginAuto", "projects\BasicMediaPlayer\PluginAuto\BasicMediaPlayer_PluginAuto.vcxproj", "{394EB9BF-7EC9-481C-865E-2A282D838ED2}"
	ProjectSection(ProjectDependencies) = postProject
		{CFB21E4A-E5A2-4550-B6E7-64029EA7E3BB} = {CFB21E4A-E5A2-4550-B6E7-64029EA7E3BB}
	EndProjectSection
EndProject
Project("{8BC9CEB8-8B4A-11D0-8D11-00A0C91BC942}") = "FBTP_PluginAuto", "projects\FBTestPlugin\PluginAuto\FBTP_PluginAuto.vcxproj", "{4E760E22-C93F-4BC4-8EE2-FC87CCD1050F}"
	ProjectSection(ProjectDependencies) = postProject
		{CFB21E4A-E5A2-4550-B6E7-64029EA7E3BB} = {CFB21E4A-E5A2-4550-B6E7-64029EA7E3BB}
	EndProjectSection
EndProject
Project("{8BC9CEB8-8B4A-11D0-8D11-00A0C91BC942}") = "FBTestPlugin", "projects\FBTestPlugin\FBTestPlugin.vcxproj", "{1546901D-252D-47F8-8BB5-926AE7BB7BB3}"
	ProjectSection(ProjectDependencies) = postProject
		{A9F31607-4EC6-42C9-B400-1BDFCA321ADF} = {A9F31607-4EC6-42C9-B400-1BDFCA321ADF}
		{4E760E22-C93F-4BC4-8EE2-FC87CCD1050F} = {4E760E22-C93F-4BC4-8EE2-FC87CCD1050F}
		{A81D1863-CD2B-44D9-8591-512F1BECF555} = {A81D1863-CD2B-44D9-8591-512F1BECF555}
		{CCDF184C-3DEC-4DA8-AE6E-44347428D637} = {CCDF184C-3DEC-4DA8-AE6E-44347428D637}
		{25259D3D-E0F6-409A-8116-06350B394052} = {25259D3D-E0F6-409A-8116-06350B394052}
		{CFB21E4A-E5A2-4550-B6E7-64029EA7E3BB} = {CFB21E4A-E5A2-4550-B6E7-64029EA7E3BB}
		{DA7B17F4-4AF3-437D-8423-67D5B6DEC785} = {DA7B17F4-4AF3-437D-8423-67D5B6DEC785}
		{BF5DB7F2-20D1-48FD-8C11-9C082C8C9728} = {BF5DB7F2-20D1-48FD-8C11-9C082C8C9728}
		{AE07F25A-57EB-4154-8D27-90030A1172F0} = {AE07F25A-57EB-4154-8D27-90030A1172F0}
	EndProjectSection
EndProject
Project("{8BC9CEB8-8B4A-11D0-8D11-00A0C91BC942}") = "FireBreath_Cmake", "cmake_common\FireBreath_Cmake.vcxproj", "{7BA81800-893E-4948-98E3-E85EF99AB1AE}"
	ProjectSection(ProjectDependencies) = postProject
		{CFB21E4A-E5A2-4550-B6E7-64029EA7E3BB} = {CFB21E4A-E5A2-4550-B6E7-64029EA7E3BB}
	EndProjectSection
EndProject
Project("{8BC9CEB8-8B4A-11D0-8D11-00A0C91BC942}") = "NpapiCore", "NpapiCore\NpapiCore.vcxproj", "{A81D1863-CD2B-44D9-8591-512F1BECF555}"
	ProjectSection(ProjectDependencies) = postProject
		{CFB21E4A-E5A2-4550-B6E7-64029EA7E3BB} = {CFB21E4A-E5A2-4550-B6E7-64029EA7E3BB}
		{DA7B17F4-4AF3-437D-8423-67D5B6DEC785} = {DA7B17F4-4AF3-437D-8423-67D5B6DEC785}
		{BF5DB7F2-20D1-48FD-8C11-9C082C8C9728} = {BF5DB7F2-20D1-48FD-8C11-9C082C8C9728}
	EndProjectSection
EndProject
Project("{8BC9CEB8-8B4A-11D0-8D11-00A0C91BC942}") = "PluginCore", "PluginCore\PluginCore.vcxproj", "{CCDF184C-3DEC-4DA8-AE6E-44347428D637}"
	ProjectSection(ProjectDependencies) = postProject
		{CFB21E4A-E5A2-4550-B6E7-64029EA7E3BB} = {CFB21E4A-E5A2-4550-B6E7-64029EA7E3BB}
	EndProjectSection
EndProject
Project("{8BC9CEB8-8B4A-11D0-8D11-00A0C91BC942}") = "ScriptingCore", "ScriptingCore\ScriptingCore.vcxproj", "{25259D3D-E0F6-409A-8116-06350B394052}"
	ProjectSection(ProjectDependencies) = postProject
		{CFB21E4A-E5A2-4550-B6E7-64029EA7E3BB} = {CFB21E4A-E5A2-4550-B6E7-64029EA7E3BB}
		{DA7B17F4-4AF3-437D-8423-67D5B6DEC785} = {DA7B17F4-4AF3-437D-8423-67D5B6DEC785}
		{BF5DB7F2-20D1-48FD-8C11-9C082C8C9728} = {BF5DB7F2-20D1-48FD-8C11-9C082C8C9728}
	EndProjectSection
EndProject
Project("{8BC9CEB8-8B4A-11D0-8D11-00A0C91BC942}") = "UnitTest++", "unittest-cpp\UnitTest++\UnitTest++.vcxproj", "{5DB2271D-BD27-4AA3-8992-2E8FF1031245}"
	ProjectSection(ProjectDependencies) = postProject
		{CFB21E4A-E5A2-4550-B6E7-64029EA7E3BB} = {CFB21E4A-E5A2-4550-B6E7-64029EA7E3BB}
	EndProjectSection
EndProject
Project("{8BC9CEB8-8B4A-11D0-8D11-00A0C91BC942}") = "UnitTest_ActiveXCore", "ActiveXCoreTest\UnitTest_ActiveXCore.vcxproj", "{980D75F2-F9F3-481C-9752-5023E7268692}"
	ProjectSection(ProjectDependencies) = postProject
		{A9F31607-4EC6-42C9-B400-1BDFCA321ADF} = {A9F31607-4EC6-42C9-B400-1BDFCA321ADF}
		{A81D1863-CD2B-44D9-8591-512F1BECF555} = {A81D1863-CD2B-44D9-8591-512F1BECF555}
		{CCDF184C-3DEC-4DA8-AE6E-44347428D637} = {CCDF184C-3DEC-4DA8-AE6E-44347428D637}
		{25259D3D-E0F6-409A-8116-06350B394052} = {25259D3D-E0F6-409A-8116-06350B394052}
		{5DB2271D-BD27-4AA3-8992-2E8FF1031245} = {5DB2271D-BD27-4AA3-8992-2E8FF1031245}
		{CFB21E4A-E5A2-4550-B6E7-64029EA7E3BB} = {CFB21E4A-E5A2-4550-B6E7-64029EA7E3BB}
		{26C2D219-E299-4D00-BF3C-48B3F620B832} = {26C2D219-E299-4D00-BF3C-48B3F620B832}
		{99DDFD0A-F973-4A65-A3C4-D40468C2ABC5} = {99DDFD0A-F973-4A65-A3C4-D40468C2ABC5}
		{DA7B17F4-4AF3-437D-8423-67D5B6DEC785} = {DA7B17F4-4AF3-437D-8423-67D5B6DEC785}
		{BF5DB7F2-20D1-48FD-8C11-9C082C8C9728} = {BF5DB7F2-20D1-48FD-8C11-9C082C8C9728}
	EndProjectSection
EndProject
Project("{8BC9CEB8-8B4A-11D0-8D11-00A0C91BC942}") = "UnitTest_ScriptingCore", "ScriptingCoreTest\UnitTest_ScriptingCore.vcxproj", "{B90D0A5A-4E88-4A6B-AE56-80B3B60E7776}"
	ProjectSection(ProjectDependencies) = postProject
		{CCDF184C-3DEC-4DA8-AE6E-44347428D637} = {CCDF184C-3DEC-4DA8-AE6E-44347428D637}
		{25259D3D-E0F6-409A-8116-06350B394052} = {25259D3D-E0F6-409A-8116-06350B394052}
		{5DB2271D-BD27-4AA3-8992-2E8FF1031245} = {5DB2271D-BD27-4AA3-8992-2E8FF1031245}
		{CFB21E4A-E5A2-4550-B6E7-64029EA7E3BB} = {CFB21E4A-E5A2-4550-B6E7-64029EA7E3BB}
		{26C2D219-E299-4D00-BF3C-48B3F620B832} = {26C2D219-E299-4D00-BF3C-48B3F620B832}
		{99DDFD0A-F973-4A65-A3C4-D40468C2ABC5} = {99DDFD0A-F973-4A65-A3C4-D40468C2ABC5}
		{DA7B17F4-4AF3-437D-8423-67D5B6DEC785} = {DA7B17F4-4AF3-437D-8423-67D5B6DEC785}
		{BF5DB7F2-20D1-48FD-8C11-9C082C8C9728} = {BF5DB7F2-20D1-48FD-8C11-9C082C8C9728}
	EndProjectSection
EndProject
Project("{8BC9CEB8-8B4A-11D0-8D11-00A0C91BC942}") = "ZERO_CHECK", "ZERO_CHECK.vcxproj", "{CFB21E4A-E5A2-4550-B6E7-64029EA7E3BB}"
	ProjectSection(ProjectDependencies) = postProject
	EndProjectSection
EndProject
Project("{8BC9CEB8-8B4A-11D0-8D11-00A0C91BC942}") = "boost_date_time", "boost\libs\date_time\boost_date_time.vcxproj", "{26C2D219-E299-4D00-BF3C-48B3F620B832}"
	ProjectSection(ProjectDependencies) = postProject
		{CFB21E4A-E5A2-4550-B6E7-64029EA7E3BB} = {CFB21E4A-E5A2-4550-B6E7-64029EA7E3BB}
	EndProjectSection
EndProject
Project("{8BC9CEB8-8B4A-11D0-8D11-00A0C91BC942}") = "boost_regex", "boost\libs\regex\boost_regex.vcxproj", "{99DDFD0A-F973-4A65-A3C4-D40468C2ABC5}"
	ProjectSection(ProjectDependencies) = postProject
		{CFB21E4A-E5A2-4550-B6E7-64029EA7E3BB} = {CFB21E4A-E5A2-4550-B6E7-64029EA7E3BB}
	EndProjectSection
EndProject
Project("{8BC9CEB8-8B4A-11D0-8D11-00A0C91BC942}") = "boost_system", "boost\libs\system\boost_system.vcxproj", "{DA7B17F4-4AF3-437D-8423-67D5B6DEC785}"
	ProjectSection(ProjectDependencies) = postProject
		{CFB21E4A-E5A2-4550-B6E7-64029EA7E3BB} = {CFB21E4A-E5A2-4550-B6E7-64029EA7E3BB}
	EndProjectSection
EndProject
Project("{8BC9CEB8-8B4A-11D0-8D11-00A0C91BC942}") = "boost_thread", "boost\libs\thread\boost_thread.vcxproj", "{BF5DB7F2-20D1-48FD-8C11-9C082C8C9728}"
	ProjectSection(ProjectDependencies) = postProject
		{CFB21E4A-E5A2-4550-B6E7-64029EA7E3BB} = {CFB21E4A-E5A2-4550-B6E7-64029EA7E3BB}
	EndProjectSection
EndProject
Project("{8BC9CEB8-8B4A-11D0-8D11-00A0C91BC942}") = "log4cplus", "fblibs\log4cplus\src\log4cplus.vcxproj", "{AE07F25A-57EB-4154-8D27-90030A1172F0}"
	ProjectSection(ProjectDependencies) = postProject
		{CFB21E4A-E5A2-4550-B6E7-64029EA7E3BB} = {CFB21E4A-E5A2-4550-B6E7-64029EA7E3BB}
	EndProjectSection
EndProject
Project("{2150E333-8FDC-42A3-9474-1A3956D46DE8}") = "CMakePredefinedTargets", "CMakePredefinedTargets", "{C8D05630-A0E0-4183-92D0-36E0BCDFC5C6}"
EndProject
Project("{2150E333-8FDC-42A3-9474-1A3956D46DE8}") = "FireBreath Core", "FireBreath Core", "{DBF2CDF2-F651-457B-9BFD-1524471586F9}"
EndProject
Project("{2150E333-8FDC-42A3-9474-1A3956D46DE8}") = "FireBreath Generated", "FireBreath Generated", "{64636E11-9182-41CF-9EE0-053CA95F341E}"
EndProject
Project("{2150E333-8FDC-42A3-9474-1A3956D46DE8}") = "Libraries", "Libraries", "{385D4D1B-CE0C-4FF0-82E4-0048D4B497C6}"
EndProject
Project("{2150E333-8FDC-42A3-9474-1A3956D46DE8}") = "UnitTests", "UnitTests", "{8604DE31-E743-4832-9C2E-447E6F776B8B}"
EndProject
Global
	GlobalSection(SolutionConfigurationPlatforms) = preSolution
		Debug|Win32 = Debug|Win32
		Release|Win32 = Release|Win32
		MinSizeRel|Win32 = MinSizeRel|Win32
		RelWithDebInfo|Win32 = RelWithDebInfo|Win32
	EndGlobalSection
	GlobalSection(ProjectConfigurationPlatforms) = postSolution
		{CEB1141D-C6E7-4CEB-BC81-070C803D77A8}.Debug|Win32.ActiveCfg = Debug|Win32
		{CEB1141D-C6E7-4CEB-BC81-070C803D77A8}.Release|Win32.ActiveCfg = Release|Win32
		{CEB1141D-C6E7-4CEB-BC81-070C803D77A8}.MinSizeRel|Win32.ActiveCfg = MinSizeRel|Win32
		{CEB1141D-C6E7-4CEB-BC81-070C803D77A8}.RelWithDebInfo|Win32.ActiveCfg = RelWithDebInfo|Win32
		{A9F31607-4EC6-42C9-B400-1BDFCA321ADF}.Debug|Win32.ActiveCfg = Debug|Win32
		{A9F31607-4EC6-42C9-B400-1BDFCA321ADF}.Debug|Win32.Build.0 = Debug|Win32
		{A9F31607-4EC6-42C9-B400-1BDFCA321ADF}.Release|Win32.ActiveCfg = Release|Win32
		{A9F31607-4EC6-42C9-B400-1BDFCA321ADF}.Release|Win32.Build.0 = Release|Win32
		{A9F31607-4EC6-42C9-B400-1BDFCA321ADF}.MinSizeRel|Win32.ActiveCfg = MinSizeRel|Win32
		{A9F31607-4EC6-42C9-B400-1BDFCA321ADF}.MinSizeRel|Win32.Build.0 = MinSizeRel|Win32
		{A9F31607-4EC6-42C9-B400-1BDFCA321ADF}.RelWithDebInfo|Win32.ActiveCfg = RelWithDebInfo|Win32
		{A9F31607-4EC6-42C9-B400-1BDFCA321ADF}.RelWithDebInfo|Win32.Build.0 = RelWithDebInfo|Win32
		{ACD4B0C9-80A5-4F24-BB7F-A7CABC447136}.Debug|Win32.ActiveCfg = Debug|Win32
		{ACD4B0C9-80A5-4F24-BB7F-A7CABC447136}.Debug|Win32.Build.0 = Debug|Win32
		{ACD4B0C9-80A5-4F24-BB7F-A7CABC447136}.Release|Win32.ActiveCfg = Release|Win32
		{ACD4B0C9-80A5-4F24-BB7F-A7CABC447136}.Release|Win32.Build.0 = Release|Win32
		{ACD4B0C9-80A5-4F24-BB7F-A7CABC447136}.MinSizeRel|Win32.ActiveCfg = MinSizeRel|Win32
		{ACD4B0C9-80A5-4F24-BB7F-A7CABC447136}.MinSizeRel|Win32.Build.0 = MinSizeRel|Win32
		{ACD4B0C9-80A5-4F24-BB7F-A7CABC447136}.RelWithDebInfo|Win32.ActiveCfg = RelWithDebInfo|Win32
		{ACD4B0C9-80A5-4F24-BB7F-A7CABC447136}.RelWithDebInfo|Win32.Build.0 = RelWithDebInfo|Win32
		{394EB9BF-7EC9-481C-865E-2A282D838ED2}.Debug|Win32.ActiveCfg = Debug|Win32
		{394EB9BF-7EC9-481C-865E-2A282D838ED2}.Debug|Win32.Build.0 = Debug|Win32
		{394EB9BF-7EC9-481C-865E-2A282D838ED2}.Release|Win32.ActiveCfg = Release|Win32
		{394EB9BF-7EC9-481C-865E-2A282D838ED2}.Release|Win32.Build.0 = Release|Win32
		{394EB9BF-7EC9-481C-865E-2A282D838ED2}.MinSizeRel|Win32.ActiveCfg = MinSizeRel|Win32
		{394EB9BF-7EC9-481C-865E-2A282D838ED2}.MinSizeRel|Win32.Build.0 = MinSizeRel|Win32
		{394EB9BF-7EC9-481C-865E-2A282D838ED2}.RelWithDebInfo|Win32.ActiveCfg = RelWithDebInfo|Win32
		{394EB9BF-7EC9-481C-865E-2A282D838ED2}.RelWithDebInfo|Win32.Build.0 = RelWithDebInfo|Win32
		{4E760E22-C93F-4BC4-8EE2-FC87CCD1050F}.Debug|Win32.ActiveCfg = Debug|Win32
		{4E760E22-C93F-4BC4-8EE2-FC87CCD1050F}.Debug|Win32.Build.0 = Debug|Win32
		{4E760E22-C93F-4BC4-8EE2-FC87CCD1050F}.Release|Win32.ActiveCfg = Release|Win32
		{4E760E22-C93F-4BC4-8EE2-FC87CCD1050F}.Release|Win32.Build.0 = Release|Win32
		{4E760E22-C93F-4BC4-8EE2-FC87CCD1050F}.MinSizeRel|Win32.ActiveCfg = MinSizeRel|Win32
		{4E760E22-C93F-4BC4-8EE2-FC87CCD1050F}.MinSizeRel|Win32.Build.0 = MinSizeRel|Win32
		{4E760E22-C93F-4BC4-8EE2-FC87CCD1050F}.RelWithDebInfo|Win32.ActiveCfg = RelWithDebInfo|Win32
		{4E760E22-C93F-4BC4-8EE2-FC87CCD1050F}.RelWithDebInfo|Win32.Build.0 = RelWithDebInfo|Win32
		{1546901D-252D-47F8-8BB5-926AE7BB7BB3}.Debug|Win32.ActiveCfg = Debug|Win32
		{1546901D-252D-47F8-8BB5-926AE7BB7BB3}.Debug|Win32.Build.0 = Debug|Win32
		{1546901D-252D-47F8-8BB5-926AE7BB7BB3}.Release|Win32.ActiveCfg = Release|Win32
		{1546901D-252D-47F8-8BB5-926AE7BB7BB3}.Release|Win32.Build.0 = Release|Win32
		{1546901D-252D-47F8-8BB5-926AE7BB7BB3}.MinSizeRel|Win32.ActiveCfg = MinSizeRel|Win32
		{1546901D-252D-47F8-8BB5-926AE7BB7BB3}.MinSizeRel|Win32.Build.0 = MinSizeRel|Win32
		{1546901D-252D-47F8-8BB5-926AE7BB7BB3}.RelWithDebInfo|Win32.ActiveCfg = RelWithDebInfo|Win32
		{1546901D-252D-47F8-8BB5-926AE7BB7BB3}.RelWithDebInfo|Win32.Build.0 = RelWithDebInfo|Win32
		{7BA81800-893E-4948-98E3-E85EF99AB1AE}.Debug|Win32.ActiveCfg = Debug|Win32
		{7BA81800-893E-4948-98E3-E85EF99AB1AE}.Debug|Win32.Build.0 = Debug|Win32
		{7BA81800-893E-4948-98E3-E85EF99AB1AE}.Release|Win32.ActiveCfg = Release|Win32
		{7BA81800-893E-4948-98E3-E85EF99AB1AE}.Release|Win32.Build.0 = Release|Win32
		{7BA81800-893E-4948-98E3-E85EF99AB1AE}.MinSizeRel|Win32.ActiveCfg = MinSizeRel|Win32
		{7BA81800-893E-4948-98E3-E85EF99AB1AE}.MinSizeRel|Win32.Build.0 = MinSizeRel|Win32
		{7BA81800-893E-4948-98E3-E85EF99AB1AE}.RelWithDebInfo|Win32.ActiveCfg = RelWithDebInfo|Win32
		{7BA81800-893E-4948-98E3-E85EF99AB1AE}.RelWithDebInfo|Win32.Build.0 = RelWithDebInfo|Win32
		{A81D1863-CD2B-44D9-8591-512F1BECF555}.Debug|Win32.ActiveCfg = Debug|Win32
		{A81D1863-CD2B-44D9-8591-512F1BECF555}.Debug|Win32.Build.0 = Debug|Win32
		{A81D1863-CD2B-44D9-8591-512F1BECF555}.Release|Win32.ActiveCfg = Release|Win32
		{A81D1863-CD2B-44D9-8591-512F1BECF555}.Release|Win32.Build.0 = Release|Win32
		{A81D1863-CD2B-44D9-8591-512F1BECF555}.MinSizeRel|Win32.ActiveCfg = MinSizeRel|Win32
		{A81D1863-CD2B-44D9-8591-512F1BECF555}.MinSizeRel|Win32.Build.0 = MinSizeRel|Win32
		{A81D1863-CD2B-44D9-8591-512F1BECF555}.RelWithDebInfo|Win32.ActiveCfg = RelWithDebInfo|Win32
		{A81D1863-CD2B-44D9-8591-512F1BECF555}.RelWithDebInfo|Win32.Build.0 = RelWithDebInfo|Win32
		{CCDF184C-3DEC-4DA8-AE6E-44347428D637}.Debug|Win32.ActiveCfg = Debug|Win32
		{CCDF184C-3DEC-4DA8-AE6E-44347428D637}.Debug|Win32.Build.0 = Debug|Win32
		{CCDF184C-3DEC-4DA8-AE6E-44347428D637}.Release|Win32.ActiveCfg = Release|Win32
		{CCDF184C-3DEC-4DA8-AE6E-44347428D637}.Release|Win32.Build.0 = Release|Win32
		{CCDF184C-3DEC-4DA8-AE6E-44347428D637}.MinSizeRel|Win32.ActiveCfg = MinSizeRel|Win32
		{CCDF184C-3DEC-4DA8-AE6E-44347428D637}.MinSizeRel|Win32.Build.0 = MinSizeRel|Win32
		{CCDF184C-3DEC-4DA8-AE6E-44347428D637}.RelWithDebInfo|Win32.ActiveCfg = RelWithDebInfo|Win32
		{CCDF184C-3DEC-4DA8-AE6E-44347428D637}.RelWithDebInfo|Win32.Build.0 = RelWithDebInfo|Win32
		{25259D3D-E0F6-409A-8116-06350B394052}.Debug|Win32.ActiveCfg = Debug|Win32
		{25259D3D-E0F6-409A-8116-06350B394052}.Debug|Win32.Build.0 = Debug|Win32
		{25259D3D-E0F6-409A-8116-06350B394052}.Release|Win32.ActiveCfg = Release|Win32
		{25259D3D-E0F6-409A-8116-06350B394052}.Release|Win32.Build.0 = Release|Win32
		{25259D3D-E0F6-409A-8116-06350B394052}.MinSizeRel|Win32.ActiveCfg = MinSizeRel|Win32
		{25259D3D-E0F6-409A-8116-06350B394052}.MinSizeRel|Win32.Build.0 = MinSizeRel|Win32
		{25259D3D-E0F6-409A-8116-06350B394052}.RelWithDebInfo|Win32.ActiveCfg = RelWithDebInfo|Win32
		{25259D3D-E0F6-409A-8116-06350B394052}.RelWithDebInfo|Win32.Build.0 = RelWithDebInfo|Win32
		{5DB2271D-BD27-4AA3-8992-2E8FF1031245}.Debug|Win32.ActiveCfg = Debug|Win32
		{5DB2271D-BD27-4AA3-8992-2E8FF1031245}.Debug|Win32.Build.0 = Debug|Win32
		{5DB2271D-BD27-4AA3-8992-2E8FF1031245}.Release|Win32.ActiveCfg = Release|Win32
		{5DB2271D-BD27-4AA3-8992-2E8FF1031245}.Release|Win32.Build.0 = Release|Win32
		{5DB2271D-BD27-4AA3-8992-2E8FF1031245}.MinSizeRel|Win32.ActiveCfg = MinSizeRel|Win32
		{5DB2271D-BD27-4AA3-8992-2E8FF1031245}.MinSizeRel|Win32.Build.0 = MinSizeRel|Win32
		{5DB2271D-BD27-4AA3-8992-2E8FF1031245}.RelWithDebInfo|Win32.ActiveCfg = RelWithDebInfo|Win32
		{5DB2271D-BD27-4AA3-8992-2E8FF1031245}.RelWithDebInfo|Win32.Build.0 = RelWithDebInfo|Win32
		{980D75F2-F9F3-481C-9752-5023E7268692}.Debug|Win32.ActiveCfg = Debug|Win32
		{980D75F2-F9F3-481C-9752-5023E7268692}.Debug|Win32.Build.0 = Debug|Win32
		{980D75F2-F9F3-481C-9752-5023E7268692}.Release|Win32.ActiveCfg = Release|Win32
		{980D75F2-F9F3-481C-9752-5023E7268692}.Release|Win32.Build.0 = Release|Win32
		{980D75F2-F9F3-481C-9752-5023E7268692}.MinSizeRel|Win32.ActiveCfg = MinSizeRel|Win32
		{980D75F2-F9F3-481C-9752-5023E7268692}.MinSizeRel|Win32.Build.0 = MinSizeRel|Win32
		{980D75F2-F9F3-481C-9752-5023E7268692}.RelWithDebInfo|Win32.ActiveCfg = RelWithDebInfo|Win32
		{980D75F2-F9F3-481C-9752-5023E7268692}.RelWithDebInfo|Win32.Build.0 = RelWithDebInfo|Win32
		{B90D0A5A-4E88-4A6B-AE56-80B3B60E7776}.Debug|Win32.ActiveCfg = Debug|Win32
		{B90D0A5A-4E88-4A6B-AE56-80B3B60E7776}.Debug|Win32.Build.0 = Debug|Win32
		{B90D0A5A-4E88-4A6B-AE56-80B3B60E7776}.Release|Win32.ActiveCfg = Release|Win32
		{B90D0A5A-4E88-4A6B-AE56-80B3B60E7776}.Release|Win32.Build.0 = Release|Win32
		{B90D0A5A-4E88-4A6B-AE56-80B3B60E7776}.MinSizeRel|Win32.ActiveCfg = MinSizeRel|Win32
		{B90D0A5A-4E88-4A6B-AE56-80B3B60E7776}.MinSizeRel|Win32.Build.0 = MinSizeRel|Win32
		{B90D0A5A-4E88-4A6B-AE56-80B3B60E7776}.RelWithDebInfo|Win32.ActiveCfg = RelWithDebInfo|Win32
		{B90D0A5A-4E88-4A6B-AE56-80B3B60E7776}.RelWithDebInfo|Win32.Build.0 = RelWithDebInfo|Win32
		{CFB21E4A-E5A2-4550-B6E7-64029EA7E3BB}.Debug|Win32.ActiveCfg = Debug|Win32
		{CFB21E4A-E5A2-4550-B6E7-64029EA7E3BB}.Debug|Win32.Build.0 = Debug|Win32
		{CFB21E4A-E5A2-4550-B6E7-64029EA7E3BB}.Release|Win32.ActiveCfg = Release|Win32
		{CFB21E4A-E5A2-4550-B6E7-64029EA7E3BB}.Release|Win32.Build.0 = Release|Win32
		{CFB21E4A-E5A2-4550-B6E7-64029EA7E3BB}.MinSizeRel|Win32.ActiveCfg = MinSizeRel|Win32
		{CFB21E4A-E5A2-4550-B6E7-64029EA7E3BB}.MinSizeRel|Win32.Build.0 = MinSizeRel|Win32
		{CFB21E4A-E5A2-4550-B6E7-64029EA7E3BB}.RelWithDebInfo|Win32.ActiveCfg = RelWithDebInfo|Win32
		{CFB21E4A-E5A2-4550-B6E7-64029EA7E3BB}.RelWithDebInfo|Win32.Build.0 = RelWithDebInfo|Win32
		{26C2D219-E299-4D00-BF3C-48B3F620B832}.Debug|Win32.ActiveCfg = Debug|Win32
		{26C2D219-E299-4D00-BF3C-48B3F620B832}.Debug|Win32.Build.0 = Debug|Win32
		{26C2D219-E299-4D00-BF3C-48B3F620B832}.Release|Win32.ActiveCfg = Release|Win32
		{26C2D219-E299-4D00-BF3C-48B3F620B832}.Release|Win32.Build.0 = Release|Win32
		{26C2D219-E299-4D00-BF3C-48B3F620B832}.MinSizeRel|Win32.ActiveCfg = MinSizeRel|Win32
		{26C2D219-E299-4D00-BF3C-48B3F620B832}.MinSizeRel|Win32.Build.0 = MinSizeRel|Win32
		{26C2D219-E299-4D00-BF3C-48B3F620B832}.RelWithDebInfo|Win32.ActiveCfg = RelWithDebInfo|Win32
		{26C2D219-E299-4D00-BF3C-48B3F620B832}.RelWithDebInfo|Win32.Build.0 = RelWithDebInfo|Win32
		{99DDFD0A-F973-4A65-A3C4-D40468C2ABC5}.Debug|Win32.ActiveCfg = Debug|Win32
		{99DDFD0A-F973-4A65-A3C4-D40468C2ABC5}.Debug|Win32.Build.0 = Debug|Win32
		{99DDFD0A-F973-4A65-A3C4-D40468C2ABC5}.Release|Win32.ActiveCfg = Release|Win32
		{99DDFD0A-F973-4A65-A3C4-D40468C2ABC5}.Release|Win32.Build.0 = Release|Win32
		{99DDFD0A-F973-4A65-A3C4-D40468C2ABC5}.MinSizeRel|Win32.ActiveCfg = MinSizeRel|Win32
		{99DDFD0A-F973-4A65-A3C4-D40468C2ABC5}.MinSizeRel|Win32.Build.0 = MinSizeRel|Win32
		{99DDFD0A-F973-4A65-A3C4-D40468C2ABC5}.RelWithDebInfo|Win32.ActiveCfg = RelWithDebInfo|Win32
		{99DDFD0A-F973-4A65-A3C4-D40468C2ABC5}.RelWithDebInfo|Win32.Build.0 = RelWithDebInfo|Win32
		{DA7B17F4-4AF3-437D-8423-67D5B6DEC785}.Debug|Win32.ActiveCfg = Debug|Win32
		{DA7B17F4-4AF3-437D-8423-67D5B6DEC785}.Debug|Win32.Build.0 = Debug|Win32
		{DA7B17F4-4AF3-437D-8423-67D5B6DEC785}.Release|Win32.ActiveCfg = Release|Win32
		{DA7B17F4-4AF3-437D-8423-67D5B6DEC785}.Release|Win32.Build.0 = Release|Win32
		{DA7B17F4-4AF3-437D-8423-67D5B6DEC785}.MinSizeRel|Win32.ActiveCfg = MinSizeRel|Win32
		{DA7B17F4-4AF3-437D-8423-67D5B6DEC785}.MinSizeRel|Win32.Build.0 = MinSizeRel|Win32
		{DA7B17F4-4AF3-437D-8423-67D5B6DEC785}.RelWithDebInfo|Win32.ActiveCfg = RelWithDebInfo|Win32
		{DA7B17F4-4AF3-437D-8423-67D5B6DEC785}.RelWithDebInfo|Win32.Build.0 = RelWithDebInfo|Win32
		{BF5DB7F2-20D1-48FD-8C11-9C082C8C9728}.Debug|Win32.ActiveCfg = Debug|Win32
		{BF5DB7F2-20D1-48FD-8C11-9C082C8C9728}.Debug|Win32.Build.0 = Debug|Win32
		{BF5DB7F2-20D1-48FD-8C11-9C082C8C9728}.Release|Win32.ActiveCfg = Release|Win32
		{BF5DB7F2-20D1-48FD-8C11-9C082C8C9728}.Release|Win32.Build.0 = Release|Win32
		{BF5DB7F2-20D1-48FD-8C11-9C082C8C9728}.MinSizeRel|Win32.ActiveCfg = MinSizeRel|Win32
		{BF5DB7F2-20D1-48FD-8C11-9C082C8C9728}.MinSizeRel|Win32.Build.0 = MinSizeRel|Win32
		{BF5DB7F2-20D1-48FD-8C11-9C082C8C9728}.RelWithDebInfo|Win32.ActiveCfg = RelWithDebInfo|Win32
		{BF5DB7F2-20D1-48FD-8C11-9C082C8C9728}.RelWithDebInfo|Win32.Build.0 = RelWithDebInfo|Win32
		{AE07F25A-57EB-4154-8D27-90030A1172F0}.Debug|Win32.ActiveCfg = Debug|Win32
		{AE07F25A-57EB-4154-8D27-90030A1172F0}.Debug|Win32.Build.0 = Debug|Win32
		{AE07F25A-57EB-4154-8D27-90030A1172F0}.Release|Win32.ActiveCfg = Release|Win32
		{AE07F25A-57EB-4154-8D27-90030A1172F0}.Release|Win32.Build.0 = Release|Win32
		{AE07F25A-57EB-4154-8D27-90030A1172F0}.MinSizeRel|Win32.ActiveCfg = MinSizeRel|Win32
		{AE07F25A-57EB-4154-8D27-90030A1172F0}.MinSizeRel|Win32.Build.0 = MinSizeRel|Win32
		{AE07F25A-57EB-4154-8D27-90030A1172F0}.RelWithDebInfo|Win32.ActiveCfg = RelWithDebInfo|Win32
		{AE07F25A-57EB-4154-8D27-90030A1172F0}.RelWithDebInfo|Win32.Build.0 = RelWithDebInfo|Win32
	EndGlobalSection
	GlobalSection(NestedProjects) = preSolution
		{CFB21E4A-E5A2-4550-B6E7-64029EA7E3BB} = {C8D05630-A0E0-4183-92D0-36E0BCDFC5C6}
		{A9F31607-4EC6-42C9-B400-1BDFCA321ADF} = {DBF2CDF2-F651-457B-9BFD-1524471586F9}
		{7BA81800-893E-4948-98E3-E85EF99AB1AE} = {DBF2CDF2-F651-457B-9BFD-1524471586F9}
		{A81D1863-CD2B-44D9-8591-512F1BECF555} = {DBF2CDF2-F651-457B-9BFD-1524471586F9}
		{CCDF184C-3DEC-4DA8-AE6E-44347428D637} = {DBF2CDF2-F651-457B-9BFD-1524471586F9}
		{25259D3D-E0F6-409A-8116-06350B394052} = {DBF2CDF2-F651-457B-9BFD-1524471586F9}
		{394EB9BF-7EC9-481C-865E-2A282D838ED2} = {64636E11-9182-41CF-9EE0-053CA95F341E}
		{4E760E22-C93F-4BC4-8EE2-FC87CCD1050F} = {64636E11-9182-41CF-9EE0-053CA95F341E}
		{26C2D219-E299-4D00-BF3C-48B3F620B832} = {385D4D1B-CE0C-4FF0-82E4-0048D4B497C6}
		{99DDFD0A-F973-4A65-A3C4-D40468C2ABC5} = {385D4D1B-CE0C-4FF0-82E4-0048D4B497C6}
		{DA7B17F4-4AF3-437D-8423-67D5B6DEC785} = {385D4D1B-CE0C-4FF0-82E4-0048D4B497C6}
		{BF5DB7F2-20D1-48FD-8C11-9C082C8C9728} = {385D4D1B-CE0C-4FF0-82E4-0048D4B497C6}
		{5DB2271D-BD27-4AA3-8992-2E8FF1031245} = {8604DE31-E743-4832-9C2E-447E6F776B8B}
		{980D75F2-F9F3-481C-9752-5023E7268692} = {8604DE31-E743-4832-9C2E-447E6F776B8B}
		{B90D0A5A-4E88-4A6B-AE56-80B3B60E7776} = {8604DE31-E743-4832-9C2E-447E6F776B8B}
	EndGlobalSection
	GlobalSection(ExtensibilityGlobals) = postSolution
	EndGlobalSection
	GlobalSection(ExtensibilityAddIns) = postSolution
	EndGlobalSection
EndGlobal
